
Microsoft Visual Studio Solution File, Format Version 12.00
Project("{FAE04EC0-301F-11D3-BF4B-00C04F79EFBC}") = "Carting.WebApi", "Carting.WebApi\Carting.WebApi.csproj", "{15549EB1-5FD2-47C4-B403-6FE50CAF0B2A}"
EndProject
Project("{2150E333-8FDC-42A3-9474-1A3956D46DE8}") = "Carting", "Carting", "{D6182616-7952-4FBE-9204-6E8A5463309F}"
EndProject
Project("{FAE04EC0-301F-11D3-BF4B-00C04F79EFBC}") = "Carting.DAL", "Carting.DAL\Carting.DAL.csproj", "{9DB7C128-DABA-4F0D-B83B-A215F985B58C}"
EndProject
Project("{FAE04EC0-301F-11D3-BF4B-00C04F79EFBC}") = "Carting.BLL", "Carting.BLL\Carting.BLL.csproj", "{032625FA-C1FD-4D0E-9D0B-2B7C6EE369A4}"
EndProject
Project("{FAE04EC0-301F-11D3-BF4B-00C04F79EFBC}") = "Carting.BLL.UnitTests", "Carting.BLL.UnitTests\Carting.BLL.UnitTests.csproj", "{06919E03-F191-4A82-AB4D-21D547BC1D48}"
EndProject
Project("{2150E333-8FDC-42A3-9474-1A3956D46DE8}") = "Catalog", "Catalog", "{179F8E92-E32B-4B76-9477-6B8DF4362C0F}"
EndProject
Project("{FAE04EC0-301F-11D3-BF4B-00C04F79EFBC}") = "Catalog.Application", "Catalog.Application\Catalog.Application.csproj", "{61B0821C-6D73-47FF-BCDA-8461594DA6B7}"
EndProject
Project("{FAE04EC0-301F-11D3-BF4B-00C04F79EFBC}") = "Catalog.Domain", "Catalog.Domain\Catalog.Domain.csproj", "{35083872-2C20-4F61-A75D-13A1DD6060B6}"
EndProject
Project("{FAE04EC0-301F-11D3-BF4B-00C04F79EFBC}") = "Catalog.Infrastructure", "Catalog.Infrastructure\Catalog.Infrastructure.csproj", "{7F349F16-A844-4388-81B7-E4C049053311}"
EndProject
Project("{FAE04EC0-301F-11D3-BF4B-00C04F79EFBC}") = "Catalog.WebUI", "Catalog.WebUI\Catalog.WebUI.csproj", "{6366D25C-B20E-42C6-A5EA-DBEC5CBDC5AF}"
EndProject
Project("{FAE04EC0-301F-11D3-BF4B-00C04F79EFBC}") = "Catalog.Application.UnitTests", "Catalog.Application.UnitTests\Catalog.Application.UnitTests.csproj", "{ACF36752-7B8E-44A2-BE26-71FE8546EED2}"
EndProject
Project("{2150E333-8FDC-42A3-9474-1A3956D46DE8}") = "CommonLibs", "CommonLibs", "{2792A010-6F81-4DF1-9957-66FACF5007F8}"
EndProject
Project("{FAE04EC0-301F-11D3-BF4B-00C04F79EFBC}") = "Messaging.RabbitMq.Client", "CommonLibs\Messaging.RabbitMq.Client\Messaging.RabbitMq.Client.csproj", "{D8C73BFA-C3EE-4070-8A6F-86B7F528AFE2}"
EndProject
Project("{2150E333-8FDC-42A3-9474-1A3956D46DE8}") = "Identity", "Identity", "{88B7FF76-4B84-40C9-AE1D-41E90946D354}"
EndProject
Project("{FAE04EC0-301F-11D3-BF4B-00C04F79EFBC}") = "IdentityManagement", "IdentityManagement\IdentityManagement.csproj", "{5BF35D33-949F-4159-9708-A75BDAB06ABE}"
EndProject
Global
	GlobalSection(SolutionConfigurationPlatforms) = preSolution
		Debug|Any CPU = Debug|Any CPU
		Release|Any CPU = Release|Any CPU
	EndGlobalSection
	GlobalSection(ProjectConfigurationPlatforms) = postSolution
		{15549EB1-5FD2-47C4-B403-6FE50CAF0B2A}.Debug|Any CPU.ActiveCfg = Debug|Any CPU
		{15549EB1-5FD2-47C4-B403-6FE50CAF0B2A}.Debug|Any CPU.Build.0 = Debug|Any CPU
		{15549EB1-5FD2-47C4-B403-6FE50CAF0B2A}.Release|Any CPU.ActiveCfg = Release|Any CPU
		{15549EB1-5FD2-47C4-B403-6FE50CAF0B2A}.Release|Any CPU.Build.0 = Release|Any CPU
		{9DB7C128-DABA-4F0D-B83B-A215F985B58C}.Debug|Any CPU.ActiveCfg = Debug|Any CPU
		{9DB7C128-DABA-4F0D-B83B-A215F985B58C}.Debug|Any CPU.Build.0 = Debug|Any CPU
		{9DB7C128-DABA-4F0D-B83B-A215F985B58C}.Release|Any CPU.ActiveCfg = Release|Any CPU
		{9DB7C128-DABA-4F0D-B83B-A215F985B58C}.Release|Any CPU.Build.0 = Release|Any CPU
		{032625FA-C1FD-4D0E-9D0B-2B7C6EE369A4}.Debug|Any CPU.ActiveCfg = Debug|Any CPU
		{032625FA-C1FD-4D0E-9D0B-2B7C6EE369A4}.Debug|Any CPU.Build.0 = Debug|Any CPU
		{032625FA-C1FD-4D0E-9D0B-2B7C6EE369A4}.Release|Any CPU.ActiveCfg = Release|Any CPU
		{032625FA-C1FD-4D0E-9D0B-2B7C6EE369A4}.Release|Any CPU.Build.0 = Release|Any CPU
		{06919E03-F191-4A82-AB4D-21D547BC1D48}.Debug|Any CPU.ActiveCfg = Debug|Any CPU
		{06919E03-F191-4A82-AB4D-21D547BC1D48}.Debug|Any CPU.Build.0 = Debug|Any CPU
		{06919E03-F191-4A82-AB4D-21D547BC1D48}.Release|Any CPU.ActiveCfg = Release|Any CPU
		{06919E03-F191-4A82-AB4D-21D547BC1D48}.Release|Any CPU.Build.0 = Release|Any CPU
		{61B0821C-6D73-47FF-BCDA-8461594DA6B7}.Debug|Any CPU.ActiveCfg = Debug|Any CPU
		{61B0821C-6D73-47FF-BCDA-8461594DA6B7}.Debug|Any CPU.Build.0 = Debug|Any CPU
		{61B0821C-6D73-47FF-BCDA-8461594DA6B7}.Release|Any CPU.ActiveCfg = Release|Any CPU
		{61B0821C-6D73-47FF-BCDA-8461594DA6B7}.Release|Any CPU.Build.0 = Release|Any CPU
		{35083872-2C20-4F61-A75D-13A1DD6060B6}.Debug|Any CPU.ActiveCfg = Debug|Any CPU
		{35083872-2C20-4F61-A75D-13A1DD6060B6}.Debug|Any CPU.Build.0 = Debug|Any CPU
		{35083872-2C20-4F61-A75D-13A1DD6060B6}.Release|Any CPU.ActiveCfg = Release|Any CPU
		{35083872-2C20-4F61-A75D-13A1DD6060B6}.Release|Any CPU.Build.0 = Release|Any CPU
		{7F349F16-A844-4388-81B7-E4C049053311}.Debug|Any CPU.ActiveCfg = Debug|Any CPU
		{7F349F16-A844-4388-81B7-E4C049053311}.Debug|Any CPU.Build.0 = Debug|Any CPU
		{7F349F16-A844-4388-81B7-E4C049053311}.Release|Any CPU.ActiveCfg = Release|Any CPU
		{7F349F16-A844-4388-81B7-E4C049053311}.Release|Any CPU.Build.0 = Release|Any CPU
		{6366D25C-B20E-42C6-A5EA-DBEC5CBDC5AF}.Debug|Any CPU.ActiveCfg = Debug|Any CPU
		{6366D25C-B20E-42C6-A5EA-DBEC5CBDC5AF}.Debug|Any CPU.Build.0 = Debug|Any CPU
		{6366D25C-B20E-42C6-A5EA-DBEC5CBDC5AF}.Release|Any CPU.ActiveCfg = Release|Any CPU
		{6366D25C-B20E-42C6-A5EA-DBEC5CBDC5AF}.Release|Any CPU.Build.0 = Release|Any CPU
		{ACF36752-7B8E-44A2-BE26-71FE8546EED2}.Debug|Any CPU.ActiveCfg = Debug|Any CPU
		{ACF36752-7B8E-44A2-BE26-71FE8546EED2}.Debug|Any CPU.Build.0 = Debug|Any CPU
		{ACF36752-7B8E-44A2-BE26-71FE8546EED2}.Release|Any CPU.ActiveCfg = Release|Any CPU
		{ACF36752-7B8E-44A2-BE26-71FE8546EED2}.Release|Any CPU.Build.0 = Release|Any CPU
		{D8C73BFA-C3EE-4070-8A6F-86B7F528AFE2}.Debug|Any CPU.ActiveCfg = Debug|Any CPU
		{D8C73BFA-C3EE-4070-8A6F-86B7F528AFE2}.Debug|Any CPU.Build.0 = Debug|Any CPU
		{D8C73BFA-C3EE-4070-8A6F-86B7F528AFE2}.Release|Any CPU.ActiveCfg = Release|Any CPU
		{D8C73BFA-C3EE-4070-8A6F-86B7F528AFE2}.Release|Any CPU.Build.0 = Release|Any CPU
		{5BF35D33-949F-4159-9708-A75BDAB06ABE}.Debug|Any CPU.ActiveCfg = Debug|Any CPU
		{5BF35D33-949F-4159-9708-A75BDAB06ABE}.Debug|Any CPU.Build.0 = Debug|Any CPU
		{5BF35D33-949F-4159-9708-A75BDAB06ABE}.Release|Any CPU.ActiveCfg = Release|Any CPU
		{5BF35D33-949F-4159-9708-A75BDAB06ABE}.Release|Any CPU.Build.0 = Release|Any CPU
	EndGlobalSection
	GlobalSection(NestedProjects) = preSolution
		{15549EB1-5FD2-47C4-B403-6FE50CAF0B2A} = {D6182616-7952-4FBE-9204-6E8A5463309F}
		{9DB7C128-DABA-4F0D-B83B-A215F985B58C} = {D6182616-7952-4FBE-9204-6E8A5463309F}
		{032625FA-C1FD-4D0E-9D0B-2B7C6EE369A4} = {D6182616-7952-4FBE-9204-6E8A5463309F}
		{06919E03-F191-4A82-AB4D-21D547BC1D48} = {D6182616-7952-4FBE-9204-6E8A5463309F}
		{61B0821C-6D73-47FF-BCDA-8461594DA6B7} = {179F8E92-E32B-4B76-9477-6B8DF4362C0F}
		{35083872-2C20-4F61-A75D-13A1DD6060B6} = {179F8E92-E32B-4B76-9477-6B8DF4362C0F}
		{7F349F16-A844-4388-81B7-E4C049053311} = {179F8E92-E32B-4B76-9477-6B8DF4362C0F}
		{6366D25C-B20E-42C6-A5EA-DBEC5CBDC5AF} = {179F8E92-E32B-4B76-9477-6B8DF4362C0F}
		{ACF36752-7B8E-44A2-BE26-71FE8546EED2} = {179F8E92-E32B-4B76-9477-6B8DF4362C0F}
		{D8C73BFA-C3EE-4070-8A6F-86B7F528AFE2} = {2792A010-6F81-4DF1-9957-66FACF5007F8}
		{5BF35D33-949F-4159-9708-A75BDAB06ABE} = {88B7FF76-4B84-40C9-AE1D-41E90946D354}
	EndGlobalSection
EndGlobal
